
Microsoft Visual Studio Solution File, Format Version 12.00
# Visual Studio 15
Project("{FAE04EC0-301F-11D3-BF4B-00C04F79EFBC}") = "XamarinUniversity", "XamarinUniversity\XamarinUniversity.csproj", "{2D54608B-C5C3-47BB-BCC7-3DB3C8F9814F}"
EndProject
Project("{FAE04EC0-301F-11D3-BF4B-00C04F79EFBC}") = "XamarinUniversity.Droid", "Droid\XamarinUniversity.Droid.csproj", "{B81687D0-AC59-449C-B539-B0B13CB23A13}"
EndProject
Global
	GlobalSection(SolutionConfigurationPlatforms) = preSolution
		Debug|Any CPU = Debug|Any CPU
		Release|Any CPU = Release|Any CPU
	EndGlobalSection
	GlobalSection(ProjectConfigurationPlatforms) = postSolution
		{2D54608B-C5C3-47BB-BCC7-3DB3C8F9814F}.Debug|Any CPU.ActiveCfg = Debug|Any CPU
		{2D54608B-C5C3-47BB-BCC7-3DB3C8F9814F}.Debug|Any CPU.Build.0 = Debug|Any CPU
		{2D54608B-C5C3-47BB-BCC7-3DB3C8F9814F}.Release|Any CPU.ActiveCfg = Release|Any CPU
		{2D54608B-C5C3-47BB-BCC7-3DB3C8F9814F}.Release|Any CPU.Build.0 = Release|Any CPU
		{B81687D0-AC59-449C-B539-B0B13CB23A13}.Debug|Any CPU.ActiveCfg = Debug|Any CPU
		{B81687D0-AC59-449C-B539-B0B13CB23A13}.Debug|Any CPU.Build.0 = Debug|Any CPU
		{B81687D0-AC59-449C-B539-B0B13CB23A13}.Release|Any CPU.ActiveCfg = Release|Any CPU
		{B81687D0-AC59-449C-B539-B0B13CB23A13}.Release|Any CPU.Build.0 = Release|Any CPU
	EndGlobalSection
EndGlobal
