
Microsoft Visual Studio Solution File, Format Version 12.00
# Visual Studio 15
Project("{D954291E-2A0B-460D-934E-DC6B0785DB48}") = "Mailbox", "Mailbox\Mailbox.shproj", "{98BD7418-7B47-449D-82E7-8720FAD7E035}"
EndProject
Project("{FAE04EC0-301F-11D3-BF4B-00C04F79EFBC}") = "Mailbox.iOS", "iOS\Mailbox.iOS.csproj", "{5C83638D-2AC3-427C-8357-EC0655FD49E7}"
EndProject
Global
	GlobalSection(SolutionConfigurationPlatforms) = preSolution
		Debug|iPhoneSimulator = Debug|iPhoneSimulator
		Release|iPhone = Release|iPhone
		Release|iPhoneSimulator = Release|iPhoneSimulator
		Debug|iPhone = Debug|iPhone
	EndGlobalSection
	GlobalSection(ProjectConfigurationPlatforms) = postSolution
		{5C83638D-2AC3-427C-8357-EC0655FD49E7}.Debug|iPhoneSimulator.ActiveCfg = Debug|iPhoneSimulator
		{5C83638D-2AC3-427C-8357-EC0655FD49E7}.Debug|iPhoneSimulator.Build.0 = Debug|iPhoneSimulator
		{5C83638D-2AC3-427C-8357-EC0655FD49E7}.Release|iPhone.ActiveCfg = Release|iPhone
		{5C83638D-2AC3-427C-8357-EC0655FD49E7}.Release|iPhone.Build.0 = Release|iPhone
		{5C83638D-2AC3-427C-8357-EC0655FD49E7}.Release|iPhoneSimulator.ActiveCfg = Release|iPhoneSimulator
		{5C83638D-2AC3-427C-8357-EC0655FD49E7}.Release|iPhoneSimulator.Build.0 = Release|iPhoneSimulator
		{5C83638D-2AC3-427C-8357-EC0655FD49E7}.Debug|iPhone.ActiveCfg = Debug|iPhone
		{5C83638D-2AC3-427C-8357-EC0655FD49E7}.Debug|iPhone.Build.0 = Debug|iPhone
	EndGlobalSection
EndGlobal
